
Microsoft Visual Studio Solution File, Format Version 12.00
# Visual Studio Version 17
VisualStudioVersion = 17.0.31919.166
MinimumVisualStudioVersion = 10.0.40219.1
Project("{FAE04EC0-301F-11D3-BF4B-00C04F79EFBC}") = "Worky", "Worky\Worky.csproj", "{FD2D83C0-0B0F-42CC-9EED-41C589249BEB}"
EndProject
Global
	GlobalSection(SolutionConfigurationPlatforms) = preSolution
		Debug|Any CPU = Debug|Any CPU
		Release|Any CPU = Release|Any CPU
	EndGlobalSection
	GlobalSection(ProjectConfigurationPlatforms) = postSolution
		{FD2D83C0-0B0F-42CC-9EED-41C589249BEB}.Debug|Any CPU.ActiveCfg = Debug|Any CPU
		{FD2D83C0-0B0F-42CC-9EED-41C589249BEB}.Debug|Any CPU.Build.0 = Debug|Any CPU
		{FD2D83C0-0B0F-42CC-9EED-41C589249BEB}.Release|Any CPU.ActiveCfg = Release|Any CPU
		{FD2D83C0-0B0F-42CC-9EED-41C589249BEB}.Release|Any CPU.Build.0 = Release|Any CPU
	EndGlobalSection
	GlobalSection(SolutionProperties) = preSolution
		HideSolutionNode = FALSE
	EndGlobalSection
	GlobalSection(ExtensibilityGlobals) = postSolution
		SolutionGuid = {88BEFE78-0468-4AEB-9314-A849A7C49ADA}
	EndGlobalSection
EndGlobal
